PODS:
  - Alamofire (5.2.0)
  - Alamorest (1.4.0):
    - Alamofire (~> 5.2.0)
    - Alamorest/Lite (= 1.4.0)
    - PromisesSwift (~> 1.2.0)
  - Alamorest/Lite (1.4.0):
    - Alamofire (~> 5.2.0)
    - PromisesSwift (~> 1.2.0)
  - Alamorest/Protobuf (1.4.0):
    - Alamofire (~> 5.2.0)
    - PromisesSwift (~> 1.2.0)
    - SwiftProtobuf (~> 1.9.0)
  - PromisesObjC (1.2.8)
  - PromisesSwift (1.2.8):
    - PromisesObjC (= 1.2.8)
  - SwiftProtobuf (1.9.0)

DEPENDENCIES:
  - Alamorest (from `..`)
  - Alamorest/Protobuf (from `..`)

SPEC REPOS:
  trunk:
    - Alamofire
    - PromisesObjC
    - PromisesSwift
    - SwiftProtobuf

EXTERNAL SOURCES:
  Alamorest:
    :path: ".."

SPEC CHECKSUMS:
  Alamofire: c1ca147559e730bfb2182c8c7aafbdd90a867987
  Alamorest: eae4a5da3d388c9aaba6a274e38f5aab20faa7fa
  PromisesObjC: c119f3cd559f50b7ae681fa59dc1acd19173b7e6
  PromisesSwift: 37bad6f4daddb02f7c9c531efe91e8b21c13ee2f
  SwiftProtobuf: ecbec1be9036d15655f6b3443a1c4ea693c97932

PODFILE CHECKSUM: b88d59733458fc19c9100b7634858e232baac702

COCOAPODS: 1.9.1
