PODS:
  - Alamofire (4.8.1)
  - Alamorest (1.1.0):
    - Alamofire (~> 4.8.1)
    - Alamorest/Lite (= 1.1.0)
    - PromisesSwift (~> 1.2.6)
  - Alamorest/Lite (1.1.0):
    - Alamofire (~> 4.8.1)
    - PromisesSwift (~> 1.2.6)
  - Alamorest/Protobuf (1.1.0):
    - Alamofire (~> 4.8.1)
    - PromisesSwift (~> 1.2.6)
    - SwiftProtobuf (~> 1.3.1)
  - PromisesObjC (1.2.7)
  - PromisesSwift (1.2.7):
    - PromisesObjC (= 1.2.7)
  - SwiftProtobuf (1.3.1)

DEPENDENCIES:
  - Alamorest (from `..`)
  - Alamorest/Protobuf (from `..`)

SPEC REPOS:
  https://github.com/cocoapods/specs.git:
    - Alamofire
    - PromisesObjC
    - PromisesSwift
    - SwiftProtobuf

EXTERNAL SOURCES:
  Alamorest:
    :path: ".."

SPEC CHECKSUMS:
  Alamofire: 16ce2c353fb72865124ddae8a57c5942388f4f11
  Alamorest: 8ad55429744cd8ca9c424cd5ebdfda8019f00656
  PromisesObjC: 7b28ddd1e78cce8f80f1ada927d2217663a9c672
  PromisesSwift: b27f410f9ea693753cfd4cfd8ac1c60a471f137b
  SwiftProtobuf: 84cd6b8f4fd2fc3d9fbd80a0aaf2e957d52824ec

PODFILE CHECKSUM: b88d59733458fc19c9100b7634858e232baac702

COCOAPODS: 1.6.0
